
Microsoft Visual Studio Solution File, Format Version 12.00
# Visual Studio 15
VisualStudioVersion = 15.0.28307.852
MinimumVisualStudioVersion = 10.0.40219.1
Project("{FAE04EC0-301F-11D3-BF4B-00C04F79EFBC}") = "Muistipeli", "oliskoMidii\Muistipeli.csproj", "{3F89BA7F-686D-4339-962F-32BBC88D5AC8}"
EndProject
Global
	GlobalSection(SolutionConfigurationPlatforms) = preSolution
		Debug|Any CPU = Debug|Any CPU
		Release|Any CPU = Release|Any CPU
	EndGlobalSection
	GlobalSection(ProjectConfigurationPlatforms) = postSolution
		{3F89BA7F-686D-4339-962F-32BBC88D5AC8}.Debug|Any CPU.ActiveCfg = Debug|Any CPU
		{3F89BA7F-686D-4339-962F-32BBC88D5AC8}.Debug|Any CPU.Build.0 = Debug|Any CPU
		{3F89BA7F-686D-4339-962F-32BBC88D5AC8}.Release|Any CPU.ActiveCfg = Release|Any CPU
		{3F89BA7F-686D-4339-962F-32BBC88D5AC8}.Release|Any CPU.Build.0 = Release|Any CPU
	EndGlobalSection
	GlobalSection(SolutionProperties) = preSolution
		HideSolutionNode = FALSE
	EndGlobalSection
	GlobalSection(ExtensibilityGlobals) = postSolution
		SolutionGuid = {E21DABA3-1FD7-46C2-93BF-59F5CCC15B69}
	EndGlobalSection
EndGlobal
